
Microsoft Visual Studio Solution File, Format Version 12.00
# Visual Studio Version 17
VisualStudioVersion = 17.4.33213.308
MinimumVisualStudioVersion = 10.0.40219.1
Project("{FAE04EC0-301F-11D3-BF4B-00C04F79EFBC}") = "FSC.Terminal", "FSC.Terminal\FSC.Terminal.csproj", "{98058D3B-CBAE-45C8-BADE-02CF80AC8452}"
EndProject
Project("{FAE04EC0-301F-11D3-BF4B-00C04F79EFBC}") = "TestApp", "TestApp\TestApp.csproj", "{6BD4992D-2262-42F9-AD75-0D999A945A80}"
EndProject
Global
	GlobalSection(SolutionConfigurationPlatforms) = preSolution
		Debug|Any CPU = Debug|Any CPU
		Release|Any CPU = Release|Any CPU
	EndGlobalSection
	GlobalSection(ProjectConfigurationPlatforms) = postSolution
		{98058D3B-CBAE-45C8-BADE-02CF80AC8452}.Debug|Any CPU.ActiveCfg = Debug|Any CPU
		{98058D3B-CBAE-45C8-BADE-02CF80AC8452}.Debug|Any CPU.Build.0 = Debug|Any CPU
		{98058D3B-CBAE-45C8-BADE-02CF80AC8452}.Release|Any CPU.ActiveCfg = Release|Any CPU
		{98058D3B-CBAE-45C8-BADE-02CF80AC8452}.Release|Any CPU.Build.0 = Release|Any CPU
		{6BD4992D-2262-42F9-AD75-0D999A945A80}.Debug|Any CPU.ActiveCfg = Debug|Any CPU
		{6BD4992D-2262-42F9-AD75-0D999A945A80}.Debug|Any CPU.Build.0 = Debug|Any CPU
		{6BD4992D-2262-42F9-AD75-0D999A945A80}.Release|Any CPU.ActiveCfg = Release|Any CPU
		{6BD4992D-2262-42F9-AD75-0D999A945A80}.Release|Any CPU.Build.0 = Release|Any CPU
	EndGlobalSection
	GlobalSection(SolutionProperties) = preSolution
		HideSolutionNode = FALSE
	EndGlobalSection
	GlobalSection(ExtensibilityGlobals) = postSolution
		SolutionGuid = {01894B06-85C1-4214-BBCC-5B0A1BA95C30}
	EndGlobalSection
EndGlobal
